// !$*UTF8*$!
{
	archiveVersion = 1;
	classes = {
	};
	objectVersion = 46;
	objects = {

/* Begin PBXBuildFile section */
		5E8B2FE41F45B21A000BFFED /* Constants.swift in Sources */ = {isa = PBXBuildFile; fileRef = 5E8B2FE31F45B21A000BFFED /* Constants.swift */; };
		5E8B3F6F1F28ED370032E5DC /* pokemon.csv in Resources */ = {isa = PBXBuildFile; fileRef = 5E8B3F6E1F28ED370032E5DC /* pokemon.csv */; };
		5E8B3F721F2F78F00032E5DC /* Pokemon.swift in Sources */ = {isa = PBXBuildFile; fileRef = 5E8B3F711F2F78F00032E5DC /* Pokemon.swift */; };
		5E8B3F751F2F965C0032E5DC /* PokeCell.swift in Sources */ = {isa = PBXBuildFile; fileRef = 5E8B3F741F2F965C0032E5DC /* PokeCell.swift */; };
		5E9635BE1F39FB4E00093FAA /* csv.swift in Sources */ = {isa = PBXBuildFile; fileRef = 5E9635BD1F39FB4E00093FAA /* csv.swift */; };
		5E9635C01F3AF7ED00093FAA /* pokemon.ttf in Resources */ = {isa = PBXBuildFile; fileRef = 5E9635BF1F3AF7ED00093FAA /* pokemon.ttf */; };
		5E9635C51F3AFE5B00093FAA /* music.png in Resources */ = {isa = PBXBuildFile; fileRef = 5E9635C41F3AFE5B00093FAA /* music.png */; };
		5E9635C71F3AFE6100093FAA /* music.mp3 in Resources */ = {isa = PBXBuildFile; fileRef = 5E9635C61F3AFE6100093FAA /* music.mp3 */; };
		5E9635C91F3C4DB500093FAA /* PokemonDetailVC.swift in Sources */ = {isa = PBXBuildFile; fileRef = 5E9635C81F3C4DB500093FAA /* PokemonDetailVC.swift */; };
		5E9683A61F27BBFA0073B665 /* AppDelegate.swift in Sources */ = {isa = PBXBuildFile; fileRef = 5E9683A51F27BBFA0073B665 /* AppDelegate.swift */; };
		5E9683A81F27BBFA0073B665 /* ViewController.swift in Sources */ = {isa = PBXBuildFile; fileRef = 5E9683A71F27BBFA0073B665 /* ViewController.swift */; };
		5E9683AB1F27BBFA0073B665 /* Main.storyboard in Resources */ = {isa = PBXBuildFile; fileRef = 5E9683A91F27BBFA0073B665 /* Main.storyboard */; };
		5E9683AD1F27BBFA0073B665 /* Assets.xcassets in Resources */ = {isa = PBXBuildFile; fileRef = 5E9683AC1F27BBFA0073B665 /* Assets.xcassets */; };
		5E9683B01F27BBFA0073B665 /* LaunchScreen.storyboard in Resources */ = {isa = PBXBuildFile; fileRef = 5E9683AE1F27BBFA0073B665 /* LaunchScreen.storyboard */; };
		5E9683BB1F27BBFA0073B665 /* pokedexTests.swift in Sources */ = {isa = PBXBuildFile; fileRef = 5E9683BA1F27BBFA0073B665 /* pokedexTests.swift */; };
		5E9683C61F27BBFA0073B665 /* pokedexUITests.swift in Sources */ = {isa = PBXBuildFile; fileRef = 5E9683C51F27BBFA0073B665 /* pokedexUITests.swift */; };
		84CABBC95672773EC75508D5 /* Pods_pokedex.framework in Frameworks */ = {isa = PBXBuildFile; fileRef = 89932F7D2A63284B84B54DE1 /* Pods_pokedex.framework */; };
/* End PBXBuildFile section */

/* Begin PBXContainerItemProxy section */
		5E9683B71F27BBFA0073B665 /* PBXContainerItemProxy */ = {
			isa = PBXContainerItemProxy;
			containerPortal = 5E96839A1F27BBFA0073B665 /* Project object */;
			proxyType = 1;
			remoteGlobalIDString = 5E9683A11F27BBFA0073B665;
			remoteInfo = pokedex;
		};
		5E9683C21F27BBFA0073B665 /* PBXContainerItemProxy */ = {
			isa = PBXContainerItemProxy;
			containerPortal = 5E96839A1F27BBFA0073B665 /* Project object */;
			proxyType = 1;
			remoteGlobalIDString = 5E9683A11F27BBFA0073B665;
			remoteInfo = pokedex;
		};
/* End PBXContainerItemProxy section */

/* Begin PBXFileReference section */
		432F2ABE22576D8DC75EC7ED /* Pods-pokedex.debug.xcconfig */ = {isa = PBXFileReference; includeInIndex = 1; lastKnownFileType = text.xcconfig; name = "Pods-pokedex.debug.xcconfig"; path = "Pods/Target Support Files/Pods-pokedex/Pods-pokedex.debug.xcconfig"; sourceTree = "<group>"; };
		5E8B2FE31F45B21A000BFFED /* Constants.swift */ = {isa = PBXFileReference; fileEncoding = 4; lastKnownFileType = sourcecode.swift; path = Constants.swift; sourceTree = "<group>"; };
		5E8B3F6E1F28ED370032E5DC /* pokemon.csv */ = {isa = PBXFileReference; fileEncoding = 4; lastKnownFileType = text; path = pokemon.csv; sourceTree = "<group>"; };
		5E8B3F711F2F78F00032E5DC /* Pokemon.swift */ = {isa = PBXFileReference; fileEncoding = 4; lastKnownFileType = sourcecode.swift; path = Pokemon.swift; sourceTree = "<group>"; };
		5E8B3F741F2F965C0032E5DC /* PokeCell.swift */ = {isa = PBXFileReference; fileEncoding = 4; lastKnownFileType = sourcecode.swift; path = PokeCell.swift; sourceTree = "<group>"; };
		5E9635BD1F39FB4E00093FAA /* csv.swift */ = {isa = PBXFileReference; fileEncoding = 4; lastKnownFileType = sourcecode.swift; path = csv.swift; sourceTree = "<group>"; };
		5E9635BF1F3AF7ED00093FAA /* pokemon.ttf */ = {isa = PBXFileReference; lastKnownFileType = file; path = pokemon.ttf; sourceTree = "<group>"; };
		5E9635C41F3AFE5B00093FAA /* music.png */ = {isa = PBXFileReference; lastKnownFileType = image.png; path = music.png; sourceTree = "<group>"; };
		5E9635C61F3AFE6100093FAA /* music.mp3 */ = {isa = PBXFileReference; lastKnownFileType = audio.mp3; path = music.mp3; sourceTree = "<group>"; };
		5E9635C81F3C4DB500093FAA /* PokemonDetailVC.swift */ = {isa = PBXFileReference; fileEncoding = 4; lastKnownFileType = sourcecode.swift; path = PokemonDetailVC.swift; sourceTree = "<group>"; };
		5E9683A21F27BBFA0073B665 /* pokedex.app */ = {isa = PBXFileReference; explicitFileType = wrapper.application; includeInIndex = 0; path = pokedex.app; sourceTree = BUILT_PRODUCTS_DIR; };
		5E9683A51F27BBFA0073B665 /* AppDelegate.swift */ = {isa = PBXFileReference; lastKnownFileType = sourcecode.swift; path = AppDelegate.swift; sourceTree = "<group>"; };
		5E9683A71F27BBFA0073B665 /* ViewController.swift */ = {isa = PBXFileReference; lastKnownFileType = sourcecode.swift; path = ViewController.swift; sourceTree = "<group>"; };
		5E9683AA1F27BBFA0073B665 /* Base */ = {isa = PBXFileReference; lastKnownFileType = file.storyboard; name = Base; path = Base.lproj/Main.storyboard; sourceTree = "<group>"; };
		5E9683AC1F27BBFA0073B665 /* Assets.xcassets */ = {isa = PBXFileReference; lastKnownFileType = folder.assetcatalog; path = Assets.xcassets; sourceTree = "<group>"; };
		5E9683AF1F27BBFA0073B665 /* Base */ = {isa = PBXFileReference; lastKnownFileType = file.storyboard; name = Base; path = Base.lproj/LaunchScreen.storyboard; sourceTree = "<group>"; };
		5E9683B11F27BBFA0073B665 /* Info.plist */ = {isa = PBXFileReference; lastKnownFileType = text.plist.xml; path = Info.plist; sourceTree = "<group>"; };
		5E9683B61F27BBFA0073B665 /* pokedexTests.xctest */ = {isa = PBXFileReference; explicitFileType = wrapper.cfbundle; includeInIndex = 0; path = pokedexTests.xctest; sourceTree = BUILT_PRODUCTS_DIR; };
		5E9683BA1F27BBFA0073B665 /* pokedexTests.swift */ = {isa = PBXFileReference; lastKnownFileType = sourcecode.swift; path = pokedexTests.swift; sourceTree = "<group>"; };
		5E9683BC1F27BBFA0073B665 /* Info.plist */ = {isa = PBXFileReference; lastKnownFileType = text.plist.xml; path = Info.plist; sourceTree = "<group>"; };
		5E9683C11F27BBFA0073B665 /* pokedexUITests.xctest */ = {isa = PBXFileReference; explicitFileType = wrapper.cfbundle; includeInIndex = 0; path = pokedexUITests.xctest; sourceTree = BUILT_PRODUCTS_DIR; };
		5E9683C51F27BBFA0073B665 /* pokedexUITests.swift */ = {isa = PBXFileReference; lastKnownFileType = sourcecode.swift; path = pokedexUITests.swift; sourceTree = "<group>"; };
		5E9683C71F27BBFA0073B665 /* Info.plist */ = {isa = PBXFileReference; lastKnownFileType = text.plist.xml; path = Info.plist; sourceTree = "<group>"; };
		89932F7D2A63284B84B54DE1 /* Pods_pokedex.framework */ = {isa = PBXFileReference; explicitFileType = wrapper.framework; includeInIndex = 0; path = Pods_pokedex.framework; sourceTree = BUILT_PRODUCTS_DIR; };
		BB7DA05767C870638203BA51 /* Pods-pokedex.release.xcconfig */ = {isa = PBXFileReference; includeInIndex = 1; lastKnownFileType = text.xcconfig; name = "Pods-pokedex.release.xcconfig"; path = "Pods/Target Support Files/Pods-pokedex/Pods-pokedex.release.xcconfig"; sourceTree = "<group>"; };
/* End PBXFileReference section */

/* Begin PBXFrameworksBuildPhase section */
		5E96839F1F27BBFA0073B665 /* Frameworks */ = {
			isa = PBXFrameworksBuildPhase;
			buildActionMask = 2147483647;
			files = (
				84CABBC95672773EC75508D5 /* Pods_pokedex.framework in Frameworks */,
			);
			runOnlyForDeploymentPostprocessing = 0;
		};
		5E9683B31F27BBFA0073B665 /* Frameworks */ = {
			isa = PBXFrameworksBuildPhase;
			buildActionMask = 2147483647;
			files = (
			);
			runOnlyForDeploymentPostprocessing = 0;
		};
		5E9683BE1F27BBFA0073B665 /* Frameworks */ = {
			isa = PBXFrameworksBuildPhase;
			buildActionMask = 2147483647;
			files = (
			);
			runOnlyForDeploymentPostprocessing = 0;
		};
/* End PBXFrameworksBuildPhase section */

/* Begin PBXGroup section */
		5E8B3F701F2F78B90032E5DC /* Model */ = {
			isa = PBXGroup;
			children = (
				5E8B3F711F2F78F00032E5DC /* Pokemon.swift */,
			);
			name = Model;
			sourceTree = "<group>";
		};
		5E8B3F731F2F96070032E5DC /* View */ = {
			isa = PBXGroup;
			children = (
				5E8B3F741F2F965C0032E5DC /* PokeCell.swift */,
			);
			name = View;
			sourceTree = "<group>";
		};
		5E9635C11F3AF81C00093FAA /* Controller */ = {
			isa = PBXGroup;
			children = (
				5E9683A71F27BBFA0073B665 /* ViewController.swift */,
				5E9635C81F3C4DB500093FAA /* PokemonDetailVC.swift */,
			);
			name = Controller;
			sourceTree = "<group>";
		};
		5E9635C21F3AF83E00093FAA /* Resources */ = {
			isa = PBXGroup;
			children = (
				5E9635C41F3AFE5B00093FAA /* music.png */,
				5E9635C61F3AFE6100093FAA /* music.mp3 */,
				5E9635BF1F3AF7ED00093FAA /* pokemon.ttf */,
				5E8B3F6E1F28ED370032E5DC /* pokemon.csv */,
			);
			name = Resources;
			sourceTree = "<group>";
		};
		5E9635C31F3AF88500093FAA /* Util */ = {
			isa = PBXGroup;
			children = (
				5E9635BD1F39FB4E00093FAA /* csv.swift */,
				5E8B2FE31F45B21A000BFFED /* Constants.swift */,
			);
			name = Util;
			sourceTree = "<group>";
		};
		5E9683991F27BBFA0073B665 = {
			isa = PBXGroup;
			children = (
				5E9683A41F27BBFA0073B665 /* pokedex */,
				5E9683B91F27BBFA0073B665 /* pokedexTests */,
				5E9683C41F27BBFA0073B665 /* pokedexUITests */,
				5E9683A31F27BBFA0073B665 /* Products */,
				5FA4112F22B9DC181C24A3EC /* Pods */,
				B83460C5A3229513152487D0 /* Frameworks */,
			);
			sourceTree = "<group>";
		};
		5E9683A31F27BBFA0073B665 /* Products */ = {
			isa = PBXGroup;
			children = (
				5E9683A21F27BBFA0073B665 /* pokedex.app */,
				5E9683B61F27BBFA0073B665 /* pokedexTests.xctest */,
				5E9683C11F27BBFA0073B665 /* pokedexUITests.xctest */,
			);
			name = Products;
			sourceTree = "<group>";
		};
		5E9683A41F27BBFA0073B665 /* pokedex */ = {
			isa = PBXGroup;
			children = (
				5E9635C11F3AF81C00093FAA /* Controller */,
				5E8B3F731F2F96070032E5DC /* View */,
				5E8B3F701F2F78B90032E5DC /* Model */,
				5E9683A51F27BBFA0073B665 /* AppDelegate.swift */,
				5E9635C21F3AF83E00093FAA /* Resources */,
				5E9683A91F27BBFA0073B665 /* Main.storyboard */,
				5E9635C31F3AF88500093FAA /* Util */,
				5E9683AC1F27BBFA0073B665 /* Assets.xcassets */,
				5E9683AE1F27BBFA0073B665 /* LaunchScreen.storyboard */,
				5E9683B11F27BBFA0073B665 /* Info.plist */,
			);
			path = pokedex;
			sourceTree = "<group>";
		};
		5E9683B91F27BBFA0073B665 /* pokedexTests */ = {
			isa = PBXGroup;
			children = (
				5E9683BA1F27BBFA0073B665 /* pokedexTests.swift */,
				5E9683BC1F27BBFA0073B665 /* Info.plist */,
			);
			path = pokedexTests;
			sourceTree = "<group>";
		};
		5E9683C41F27BBFA0073B665 /* pokedexUITests */ = {
			isa = PBXGroup;
			children = (
				5E9683C51F27BBFA0073B665 /* pokedexUITests.swift */,
				5E9683C71F27BBFA0073B665 /* Info.plist */,
			);
			path = pokedexUITests;
			sourceTree = "<group>";
		};
		5FA4112F22B9DC181C24A3EC /* Pods */ = {
			isa = PBXGroup;
			children = (
				432F2ABE22576D8DC75EC7ED /* Pods-pokedex.debug.xcconfig */,
				BB7DA05767C870638203BA51 /* Pods-pokedex.release.xcconfig */,
			);
			name = Pods;
			sourceTree = "<group>";
		};
		B83460C5A3229513152487D0 /* Frameworks */ = {
			isa = PBXGroup;
			children = (
				89932F7D2A63284B84B54DE1 /* Pods_pokedex.framework */,
			);
			name = Frameworks;
			sourceTree = "<group>";
		};
/* End PBXGroup section */

/* Begin PBXNativeTarget section */
		5E9683A11F27BBFA0073B665 /* pokedex */ = {
			isa = PBXNativeTarget;
			buildConfigurationList = 5E9683CA1F27BBFA0073B665 /* Build configuration list for PBXNativeTarget "pokedex" */;
			buildPhases = (
				27849B9F5EEA0DD6C8AE071D /* [CP] Check Pods Manifest.lock */,
				5E96839E1F27BBFA0073B665 /* Sources */,
				5E96839F1F27BBFA0073B665 /* Frameworks */,
				5E9683A01F27BBFA0073B665 /* Resources */,
				1D26B7D6F41DA9A0B5A14FCF /* [CP] Embed Pods Frameworks */,
				E9786BCD29AF5D4C6FD2268C /* [CP] Copy Pods Resources */,
			);
			buildRules = (
			);
			dependencies = (
			);
			name = pokedex;
			productName = pokedex;
			productReference = 5E9683A21F27BBFA0073B665 /* pokedex.app */;
			productType = "com.apple.product-type.application";
		};
		5E9683B51F27BBFA0073B665 /* pokedexTests */ = {
			isa = PBXNativeTarget;
			buildConfigurationList = 5E9683CD1F27BBFA0073B665 /* Build configuration list for PBXNativeTarget "pokedexTests" */;
			buildPhases = (
				5E9683B21F27BBFA0073B665 /* Sources */,
				5E9683B31F27BBFA0073B665 /* Frameworks */,
				5E9683B41F27BBFA0073B665 /* Resources */,
			);
			buildRules = (
			);
			dependencies = (
				5E9683B81F27BBFA0073B665 /* PBXTargetDependency */,
			);
			name = pokedexTests;
			productName = pokedexTests;
			productReference = 5E9683B61F27BBFA0073B665 /* pokedexTests.xctest */;
			productType = "com.apple.product-type.bundle.unit-test";
		};
		5E9683C01F27BBFA0073B665 /* pokedexUITests */ = {
			isa = PBXNativeTarget;
			buildConfigurationList = 5E9683D01F27BBFA0073B665 /* Build configuration list for PBXNativeTarget "pokedexUITests" */;
			buildPhases = (
				5E9683BD1F27BBFA0073B665 /* Sources */,
				5E9683BE1F27BBFA0073B665 /* Frameworks */,
				5E9683BF1F27BBFA0073B665 /* Resources */,
			);
			buildRules = (
			);
			dependencies = (
				5E9683C31F27BBFA0073B665 /* PBXTargetDependency */,
			);
			name = pokedexUITests;
			productName = pokedexUITests;
			productReference = 5E9683C11F27BBFA0073B665 /* pokedexUITests.xctest */;
			productType = "com.apple.product-type.bundle.ui-testing";
		};
/* End PBXNativeTarget section */

/* Begin PBXProject section */
		5E96839A1F27BBFA0073B665 /* Project object */ = {
			isa = PBXProject;
			attributes = {
				LastSwiftUpdateCheck = 0820;
				LastUpgradeCheck = 0820;
				ORGANIZATIONNAME = cdp;
				TargetAttributes = {
					5E9683A11F27BBFA0073B665 = {
						CreatedOnToolsVersion = 8.2.1;
						LastSwiftMigration = 0820;
						ProvisioningStyle = Automatic;
					};
					5E9683B51F27BBFA0073B665 = {
						CreatedOnToolsVersion = 8.2.1;
						LastSwiftMigration = 0820;
						ProvisioningStyle = Automatic;
						TestTargetID = 5E9683A11F27BBFA0073B665;
					};
					5E9683C01F27BBFA0073B665 = {
						CreatedOnToolsVersion = 8.2.1;
						LastSwiftMigration = 0820;
						ProvisioningStyle = Automatic;
						TestTargetID = 5E9683A11F27BBFA0073B665;
					};
				};
			};
			buildConfigurationList = 5E96839D1F27BBFA0073B665 /* Build configuration list for PBXProject "pokedex" */;
			compatibilityVersion = "Xcode 3.2";
			developmentRegion = English;
			hasScannedForEncodings = 0;
			knownRegions = (
				en,
				Base,
			);
			mainGroup = 5E9683991F27BBFA0073B665;
			productRefGroup = 5E9683A31F27BBFA0073B665 /* Products */;
			projectDirPath = "";
			projectRoot = "";
			targets = (
				5E9683A11F27BBFA0073B665 /* pokedex */,
				5E9683B51F27BBFA0073B665 /* pokedexTests */,
				5E9683C01F27BBFA0073B665 /* pokedexUITests */,
			);
		};
/* End PBXProject section */

/* Begin PBXResourcesBuildPhase section */
		5E9683A01F27BBFA0073B665 /* Resources */ = {
			isa = PBXResourcesBuildPhase;
			buildActionMask = 2147483647;
			files = (
				5E9635C01F3AF7ED00093FAA /* pokemon.ttf in Resources */,
				5E9683B01F27BBFA0073B665 /* LaunchScreen.storyboard in Resources */,
				5E9683AD1F27BBFA0073B665 /* Assets.xcassets in Resources */,
				5E8B3F6F1F28ED370032E5DC /* pokemon.csv in Resources */,
				5E9683AB1F27BBFA0073B665 /* Main.storyboard in Resources */,
				5E9635C71F3AFE6100093FAA /* music.mp3 in Resources */,
				5E9635C51F3AFE5B00093FAA /* music.png in Resources */,
			);
			runOnlyForDeploymentPostprocessing = 0;
		};
		5E9683B41F27BBFA0073B665 /* Resources */ = {
			isa = PBXResourcesBuildPhase;
			buildActionMask = 2147483647;
			files = (
			);
			runOnlyForDeploymentPostprocessing = 0;
		};
		5E9683BF1F27BBFA0073B665 /* Resources */ = {
			isa = PBXResourcesBuildPhase;
			buildActionMask = 2147483647;
			files = (
			);
			runOnlyForDeploymentPostprocessing = 0;
		};
/* End PBXResourcesBuildPhase section */

/* Begin PBXShellScriptBuildPhase section */
		1D26B7D6F41DA9A0B5A14FCF /* [CP] Embed Pods Frameworks */ = {
			isa = PBXShellScriptBuildPhase;
			buildActionMask = 2147483647;
			files = (
			);
			inputPaths = (
				"${SRCROOT}/Pods/Target Support Files/Pods-pokedex/Pods-pokedex-frameworks.sh",
				"${BUILT_PRODUCTS_DIR}/Alamofire/Alamofire.framework",
			);
			name = "[CP] Embed Pods Frameworks";
			outputPaths = (
				"${TARGET_BUILD_DIR}/${FRAMEWORKS_FOLDER_PATH}/Alamofire.framework",
			);
			runOnlyForDeploymentPostprocessing = 0;
			shellPath = /bin/sh;
			shellScript = "\"${SRCROOT}/Pods/Target Support Files/Pods-pokedex/Pods-pokedex-frameworks.sh\"\n";
			showEnvVarsInLog = 0;
		};
		27849B9F5EEA0DD6C8AE071D /* [CP] Check Pods Manifest.lock */ = {
			isa = PBXShellScriptBuildPhase;
			buildActionMask = 2147483647;
			files = (
			);
			inputPaths = (
				"${PODS_PODFILE_DIR_PATH}/Podfile.lock",
				"${PODS_ROOT}/Manifest.lock",
			);
			name = "[CP] Check Pods Manifest.lock";
			outputPaths = (
				"$(DERIVED_FILE_DIR)/Pods-pokedex-checkManifestLockResult.txt",
			);
			runOnlyForDeploymentPostprocessing = 0;
			shellPath = /bin/sh;
			shellScript = "diff \"${PODS_PODFILE_DIR_PATH}/Podfile.lock\" \"${PODS_ROOT}/Manifest.lock\" > /dev/null\nif [ $? != 0 ] ; then\n    # print error to STDERR\n    echo \"error: The sandbox is not in sync with the Podfile.lock. Run 'pod install' or update your CocoaPods installation.\" >&2\n    exit 1\nfi\n# This output is used by Xcode 'outputs' to avoid re-running this script phase.\necho \"SUCCESS\" > \"${SCRIPT_OUTPUT_FILE_0}\"\n";
			showEnvVarsInLog = 0;
		};
		E9786BCD29AF5D4C6FD2268C /* [CP] Copy Pods Resources */ = {
			isa = PBXShellScriptBuildPhase;
			buildActionMask = 2147483647;
			files = (
			);
			inputPaths = (
			);
			name = "[CP] Copy Pods Resources";
			outputPaths = (
			);
			runOnlyForDeploymentPostprocessing = 0;
			shellPath = /bin/sh;
			shellScript = "\"${SRCROOT}/Pods/Target Support Files/Pods-pokedex/Pods-pokedex-resources.sh\"\n";
			showEnvVarsInLog = 0;
		};
/* End PBXShellScriptBuildPhase section */

/* Begin PBXSourcesBuildPhase section */
		5E96839E1F27BBFA0073B665 /* Sources */ = {
			isa = PBXSourcesBuildPhase;
			buildActionMask = 2147483647;
			files = (
				5E8B3F751F2F965C0032E5DC /* PokeCell.swift in Sources */,
				5E9683A81F27BBFA0073B665 /* ViewController.swift in Sources */,
				5E9683A61F27BBFA0073B665 /* AppDelegate.swift in Sources */,
				5E9635C91F3C4DB500093FAA /* PokemonDetailVC.swift in Sources */,
				5E8B2FE41F45B21A000BFFED /* Constants.swift in Sources */,
				5E8B3F721F2F78F00032E5DC /* Pokemon.swift in Sources */,
				5E9635BE1F39FB4E00093FAA /* csv.swift in Sources */,
			);
			runOnlyForDeploymentPostprocessing = 0;
		};
		5E9683B21F27BBFA0073B665 /* Sources */ = {
			isa = PBXSourcesBuildPhase;
			buildActionMask = 2147483647;
			files = (
				5E9683BB1F27BBFA0073B665 /* pokedexTests.swift in Sources */,
			);
			runOnlyForDeploymentPostprocessing = 0;
		};
		5E9683BD1F27BBFA0073B665 /* Sources */ = {
			isa = PBXSourcesBuildPhase;
			buildActionMask = 2147483647;
			files = (
				5E9683C61F27BBFA0073B665 /* pokedexUITests.swift in Sources */,
			);
			runOnlyForDeploymentPostprocessing = 0;
		};
/* End PBXSourcesBuildPhase section */

/* Begin PBXTargetDependency section */
		5E9683B81F27BBFA0073B665 /* PBXTargetDependency */ = {
			isa = PBXTargetDependency;
			target = 5E9683A11F27BBFA0073B665 /* pokedex */;
			targetProxy = 5E9683B71F27BBFA0073B665 /* PBXContainerItemProxy */;
		};
		5E9683C31F27BBFA0073B665 /* PBXTargetDependency */ = {
			isa = PBXTargetDependency;
			target = 5E9683A11F27BBFA0073B665 /* pokedex */;
			targetProxy = 5E9683C21F27BBFA0073B665 /* PBXContainerItemProxy */;
		};
/* End PBXTargetDependency section */

/* Begin PBXVariantGroup section */
		5E9683A91F27BBFA0073B665 /* Main.storyboard */ = {
			isa = PBXVariantGroup;
			children = (
				5E9683AA1F27BBFA0073B665 /* Base */,
			);
			name = Main.storyboard;
			sourceTree = "<group>";
		};
		5E9683AE1F27BBFA0073B665 /* LaunchScreen.storyboard */ = {
			isa = PBXVariantGroup;
			children = (
				5E9683AF1F27BBFA0073B665 /* Base */,
			);
			name = LaunchScreen.storyboard;
			sourceTree = "<group>";
		};
/* End PBXVariantGroup section */

/* Begin XCBuildConfiguration section */
		5E9683C81F27BBFA0073B665 /* Debug */ = {
			isa = XCBuildConfiguration;
			buildSettings = {
				ALWAYS_SEARCH_USER_PATHS = NO;
				CLANG_ANALYZER_NONNULL = YES;
				CLANG_CXX_LANGUAGE_STANDARD = "gnu++0x";
				CLANG_CXX_LIBRARY = "libc++";
				CLANG_ENABLE_MODULES = YES;
				CLANG_ENABLE_OBJC_ARC = YES;
				CLANG_WARN_BOOL_CONVERSION = YES;
				CLANG_WARN_CONSTANT_CONVERSION = YES;
				CLANG_WARN_DIRECT_OBJC_ISA_USAGE = YES_ERROR;
				CLANG_WARN_DOCUMENTATION_COMMENTS = YES;
				CLANG_WARN_EMPTY_BODY = YES;
				CLANG_WARN_ENUM_CONVERSION = YES;
				CLANG_WARN_INFINITE_RECURSION = YES;
				CLANG_WARN_INT_CONVERSION = YES;
				CLANG_WARN_OBJC_ROOT_CLASS = YES_ERROR;
				CLANG_WARN_SUSPICIOUS_MOVE = YES;
				CLANG_WARN_UNREACHABLE_CODE = YES;
				CLANG_WARN__DUPLICATE_METHOD_MATCH = YES;
				"CODE_SIGN_IDENTITY[sdk=iphoneos*]" = "iPhone Developer";
				COPY_PHASE_STRIP = NO;
				DEBUG_INFORMATION_FORMAT = dwarf;
				ENABLE_STRICT_OBJC_MSGSEND = YES;
				ENABLE_TESTABILITY = YES;
				GCC_C_LANGUAGE_STANDARD = gnu99;
				GCC_DYNAMIC_NO_PIC = NO;
				GCC_NO_COMMON_BLOCKS = YES;
				GCC_OPTIMIZATION_LEVEL = 0;
				GCC_PREPROCESSOR_DEFINITIONS = (
					"DEBUG=1",
					"$(inherited)",
				);
				GCC_WARN_64_TO_32_BIT_CONVERSION = YES;
				GCC_WARN_ABOUT_RETURN_TYPE = YES_ERROR;
				GCC_WARN_UNDECLARED_SELECTOR = YES;
				GCC_WARN_UNINITIALIZED_AUTOS = YES_AGGRESSIVE;
				GCC_WARN_UNUSED_FUNCTION = YES;
				GCC_WARN_UNUSED_VARIABLE = YES;
				IPHONEOS_DEPLOYMENT_TARGET = 10.2;
				MTL_ENABLE_DEBUG_INFO = YES;
				ONLY_ACTIVE_ARCH = YES;
				SDKROOT = iphoneos;
				SWIFT_ACTIVE_COMPILATION_CONDITIONS = DEBUG;
				SWIFT_OPTIMIZATION_LEVEL = "-Onone";
				TARGETED_DEVICE_FAMILY = "1,2";
			};
			name = Debug;
		};
		5E9683C91F27BBFA0073B665 /* Release */ = {
			isa = XCBuildConfiguration;
			buildSettings = {
				ALWAYS_SEARCH_USER_PATHS = NO;
				CLANG_ANALYZER_NONNULL = YES;
				CLANG_CXX_LANGUAGE_STANDARD = "gnu++0x";
				CLANG_CXX_LIBRARY = "libc++";
				CLANG_ENABLE_MODULES = YES;
				CLANG_ENABLE_OBJC_ARC = YES;
				CLANG_WARN_BOOL_CONVERSION = YES;
				CLANG_WARN_CONSTANT_CONVERSION = YES;
				CLANG_WARN_DIRECT_OBJC_ISA_USAGE = YES_ERROR;
				CLANG_WARN_DOCUMENTATION_COMMENTS = YES;
				CLANG_WARN_EMPTY_BODY = YES;
				CLANG_WARN_ENUM_CONVERSION = YES;
				CLANG_WARN_INFINITE_RECURSION = YES;
				CLANG_WARN_INT_CONVERSION = YES;
				CLANG_WARN_OBJC_ROOT_CLASS = YES_ERROR;
				CLANG_WARN_SUSPICIOUS_MOVE = YES;
				CLANG_WARN_UNREACHABLE_CODE = YES;
				CLANG_WARN__DUPLICATE_METHOD_MATCH = YES;
				"CODE_SIGN_IDENTITY[sdk=iphoneos*]" = "iPhone Developer";
				COPY_PHASE_STRIP = NO;
				DEBUG_INFORMATION_FORMAT = "dwarf-with-dsym";
				ENABLE_NS_ASSERTIONS = NO;
				ENABLE_STRICT_OBJC_MSGSEND = YES;
				GCC_C_LANGUAGE_STANDARD = gnu99;
				GCC_NO_COMMON_BLOCKS = YES;
				GCC_WARN_64_TO_32_BIT_CONVERSION = YES;
				GCC_WARN_ABOUT_RETURN_TYPE = YES_ERROR;
				GCC_WARN_UNDECLARED_SELECTOR = YES;
				GCC_WARN_UNINITIALIZED_AUTOS = YES_AGGRESSIVE;
				GCC_WARN_UNUSED_FUNCTION = YES;
				GCC_WARN_UNUSED_VARIABLE = YES;
				IPHONEOS_DEPLOYMENT_TARGET = 10.2;
				MTL_ENABLE_DEBUG_INFO = NO;
				SDKROOT = iphoneos;
				SWIFT_OPTIMIZATION_LEVEL = "-Owholemodule";
				TARGETED_DEVICE_FAMILY = "1,2";
				VALIDATE_PRODUCT = YES;
			};
			name = Release;
		};
		5E9683CB1F27BBFA0073B665 /* Debug */ = {
			isa = XCBuildConfiguration;
			baseConfigurationReference = 432F2ABE22576D8DC75EC7ED /* Pods-pokedex.debug.xcconfig */;
			buildSettings = {
				ASSETCATALOG_COMPILER_APPICON_NAME = AppIcon;
				INFOPLIST_FILE = pokedex/Info.plist;
				LD_RUNPATH_SEARCH_PATHS = "$(inherited) @executable_path/Frameworks";
				PRODUCT_BUNDLE_IDENTIFIER = sejal.pokedex;
				PRODUCT_NAME = "$(TARGET_NAME)";
				SWIFT_VERSION = 3.0;
			};
			name = Debug;
		};
		5E9683CC1F27BBFA0073B665 /* Release */ = {
			isa = XCBuildConfiguration;
			baseConfigurationReference = BB7DA05767C870638203BA51 /* Pods-pokedex.release.xcconfig */;
			buildSettings = {
				ASSETCATALOG_COMPILER_APPICON_NAME = AppIcon;
				INFOPLIST_FILE = pokedex/Info.plist;
				LD_RUNPATH_SEARCH_PATHS = "$(inherited) @executable_path/Frameworks";
				PRODUCT_BUNDLE_IDENTIFIER = sejal.pokedex;
				PRODUCT_NAME = "$(TARGET_NAME)";
				SWIFT_VERSION = 3.0;
			};
			name = Release;
		};
		5E9683CE1F27BBFA0073B665 /* Debug */ = {
			isa = XCBuildConfiguration;
			buildSettings = {
				ALWAYS_EMBED_SWIFT_STANDARD_LIBRARIES = YES;
				BUNDLE_LOADER = "$(TEST_HOST)";
				INFOPLIST_FILE = pokedexTests/Info.plist;
				LD_RUNPATH_SEARCH_PATHS = "$(inherited) @executable_path/Frameworks @loader_path/Frameworks";
				PRODUCT_BUNDLE_IDENTIFIER = sejal.pokedexTests;
				PRODUCT_NAME = "$(TARGET_NAME)";
				SWIFT_VERSION = 3.0;
				TEST_HOST = "$(BUILT_PRODUCTS_DIR)/pokedex.app/pokedex";
			};
			name = Debug;
		};
		5E9683CF1F27BBFA0073B665 /* Release */ = {
			isa = XCBuildConfiguration;
			buildSettings = {
				ALWAYS_EMBED_SWIFT_STANDARD_LIBRARIES = YES;
				BUNDLE_LOADER = "$(TEST_HOST)";
				INFOPLIST_FILE = pokedexTests/Info.plist;
				LD_RUNPATH_SEARCH_PATHS = "$(inherited) @executable_path/Frameworks @loader_path/Frameworks";
				PRODUCT_BUNDLE_IDENTIFIER = sejal.pokedexTests;
				PRODUCT_NAME = "$(TARGET_NAME)";
				SWIFT_VERSION = 3.0;
				TEST_HOST = "$(BUILT_PRODUCTS_DIR)/pokedex.app/pokedex";
			};
			name = Release;
		};
		5E9683D11F27BBFA0073B665 /* Debug */ = {
			isa = XCBuildConfiguration;
			buildSettings = {
				ALWAYS_EMBED_SWIFT_STANDARD_LIBRARIES = YES;
				INFOPLIST_FILE = pokedexUITests/Info.plist;
				LD_RUNPATH_SEARCH_PATHS = "$(inherited) @executable_path/Frameworks @loader_path/Frameworks";
				PRODUCT_BUNDLE_IDENTIFIER = sejal.pokedexUITests;
				PRODUCT_NAME = "$(TARGET_NAME)";
				SWIFT_VERSION = 3.0;
				TEST_TARGET_NAME = pokedex;
			};
			name = Debug;
		};
		5E9683D21F27BBFA0073B665 /* Release */ = {
			isa = XCBuildConfiguration;
			buildSettings = {
				ALWAYS_EMBED_SWIFT_STANDARD_LIBRARIES = YES;
				INFOPLIST_FILE = pokedexUITests/Info.plist;
				LD_RUNPATH_SEARCH_PATHS = "$(inherited) @executable_path/Frameworks @loader_path/Frameworks";
				PRODUCT_BUNDLE_IDENTIFIER = sejal.pokedexUITests;
				PRODUCT_NAME = "$(TARGET_NAME)";
				SWIFT_VERSION = 3.0;
				TEST_TARGET_NAME = pokedex;
			};
			name = Release;
		};
/* End XCBuildConfiguration section */

/* Begin XCConfigurationList section */
		5E96839D1F27BBFA0073B665 /* Build configuration list for PBXProject "pokedex" */ = {
			isa = XCConfigurationList;
			buildConfigurations = (
				5E9683C81F27BBFA0073B665 /* Debug */,
				5E9683C91F27BBFA0073B665 /* Release */,
			);
			defaultConfigurationIsVisible = 0;
			defaultConfigurationName = Release;
		};
		5E9683CA1F27BBFA0073B665 /* Build configuration list for PBXNativeTarget "pokedex" */ = {
			isa = XCConfigurationList;
			buildConfigurations = (
				5E9683CB1F27BBFA0073B665 /* Debug */,
				5E9683CC1F27BBFA0073B665 /* Release */,
			);
			defaultConfigurationIsVisible = 0;
			defaultConfigurationName = Release;
		};
		5E9683CD1F27BBFA0073B665 /* Build configuration list for PBXNativeTarget "pokedexTests" */ = {
			isa = XCConfigurationList;
			buildConfigurations = (
				5E9683CE1F27BBFA0073B665 /* Debug */,
				5E9683CF1F27BBFA0073B665 /* Release */,
			);
			defaultConfigurationIsVisible = 0;
			defaultConfigurationName = Release;
		};
		5E9683D01F27BBFA0073B665 /* Build configuration list for PBXNativeTarget "pokedexUITests" */ = {
			isa = XCConfigurationList;
			buildConfigurations = (
				5E9683D11F27BBFA0073B665 /* Debug */,
				5E9683D21F27BBFA0073B665 /* Release */,
			);
			defaultConfigurationIsVisible = 0;
			defaultConfigurationName = Release;
		};
/* End XCConfigurationList section */
	};
	rootObject = 5E96839A1F27BBFA0073B665 /* Project object */;
}
